
Microsoft Visual Studio Solution File, Format Version 12.00
# Visual Studio Version 17
VisualStudioVersion = 17.6.33801.468
MinimumVisualStudioVersion = 10.0.40219.1
Project("{FAE04EC0-301F-11D3-BF4B-00C04F79EFBC}") = "GoldenCar", "GoldenCar\GoldenCar.csproj", "{C24E69A4-5CDD-49CB-A29D-94092AE2E08F}"
EndProject
Project("{FAE04EC0-301F-11D3-BF4B-00C04F79EFBC}") = "Domain", "Domain\Domain.csproj", "{888E85D4-A481-4EA2-89B3-46B12AA4C2B3}"
EndProject
Project("{FAE04EC0-301F-11D3-BF4B-00C04F79EFBC}") = "Repositoy", "Repositoy\Repositoy.csproj", "{78F8CC15-58D1-4AE7-AB19-81FB2337C29A}"
EndProject
Project("{FAE04EC0-301F-11D3-BF4B-00C04F79EFBC}") = "Services", "Services\Services.csproj", "{AB207891-97C2-4C6B-9B83-F1EDCAE29A7C}"
EndProject
Project("{FAE04EC0-301F-11D3-BF4B-00C04F79EFBC}") = "WebApp", "WebApp\WebApp.csproj", "{F767B988-F8E3-44A3-B8B4-BE5561AA9354}"
EndProject
Global
	GlobalSection(SolutionConfigurationPlatforms) = preSolution
		Debug|Any CPU = Debug|Any CPU
		Release|Any CPU = Release|Any CPU
	EndGlobalSection
	GlobalSection(ProjectConfigurationPlatforms) = postSolution
		{C24E69A4-5CDD-49CB-A29D-94092AE2E08F}.Debug|Any CPU.ActiveCfg = Debug|Any CPU
		{C24E69A4-5CDD-49CB-A29D-94092AE2E08F}.Debug|Any CPU.Build.0 = Debug|Any CPU
		{C24E69A4-5CDD-49CB-A29D-94092AE2E08F}.Release|Any CPU.ActiveCfg = Release|Any CPU
		{C24E69A4-5CDD-49CB-A29D-94092AE2E08F}.Release|Any CPU.Build.0 = Release|Any CPU
		{888E85D4-A481-4EA2-89B3-46B12AA4C2B3}.Debug|Any CPU.ActiveCfg = Debug|Any CPU
		{888E85D4-A481-4EA2-89B3-46B12AA4C2B3}.Debug|Any CPU.Build.0 = Debug|Any CPU
		{888E85D4-A481-4EA2-89B3-46B12AA4C2B3}.Release|Any CPU.ActiveCfg = Release|Any CPU
		{888E85D4-A481-4EA2-89B3-46B12AA4C2B3}.Release|Any CPU.Build.0 = Release|Any CPU
		{78F8CC15-58D1-4AE7-AB19-81FB2337C29A}.Debug|Any CPU.ActiveCfg = Debug|Any CPU
		{78F8CC15-58D1-4AE7-AB19-81FB2337C29A}.Debug|Any CPU.Build.0 = Debug|Any CPU
		{78F8CC15-58D1-4AE7-AB19-81FB2337C29A}.Release|Any CPU.ActiveCfg = Release|Any CPU
		{78F8CC15-58D1-4AE7-AB19-81FB2337C29A}.Release|Any CPU.Build.0 = Release|Any CPU
		{AB207891-97C2-4C6B-9B83-F1EDCAE29A7C}.Debug|Any CPU.ActiveCfg = Debug|Any CPU
		{AB207891-97C2-4C6B-9B83-F1EDCAE29A7C}.Debug|Any CPU.Build.0 = Debug|Any CPU
		{AB207891-97C2-4C6B-9B83-F1EDCAE29A7C}.Release|Any CPU.ActiveCfg = Release|Any CPU
		{AB207891-97C2-4C6B-9B83-F1EDCAE29A7C}.Release|Any CPU.Build.0 = Release|Any CPU
		{F767B988-F8E3-44A3-B8B4-BE5561AA9354}.Debug|Any CPU.ActiveCfg = Debug|Any CPU
		{F767B988-F8E3-44A3-B8B4-BE5561AA9354}.Debug|Any CPU.Build.0 = Debug|Any CPU
		{F767B988-F8E3-44A3-B8B4-BE5561AA9354}.Release|Any CPU.ActiveCfg = Release|Any CPU
		{F767B988-F8E3-44A3-B8B4-BE5561AA9354}.Release|Any CPU.Build.0 = Release|Any CPU
	EndGlobalSection
	GlobalSection(SolutionProperties) = preSolution
		HideSolutionNode = FALSE
	EndGlobalSection
	GlobalSection(ExtensibilityGlobals) = postSolution
		SolutionGuid = {28DB1637-6234-4179-9A90-4E165B754B32}
	EndGlobalSection
EndGlobal
